
Microsoft Visual Studio Solution File, Format Version 12.00
# Visual Studio Version 17
VisualStudioVersion = 17.4.33110.190
MinimumVisualStudioVersion = 10.0.40219.1
Project("{FAE04EC0-301F-11D3-BF4B-00C04F79EFBC}") = "ConsoleRPG", "ConsoleRPG\ConsoleRPG.csproj", "{60D7F3F7-0125-4F10-A632-A59547AEE277}"
EndProject
Global
	GlobalSection(SolutionConfigurationPlatforms) = preSolution
		Debug|Any CPU = Debug|Any CPU
		Release|Any CPU = Release|Any CPU
	EndGlobalSection
	GlobalSection(ProjectConfigurationPlatforms) = postSolution
		{60D7F3F7-0125-4F10-A632-A59547AEE277}.Debug|Any CPU.ActiveCfg = Debug|Any CPU
		{60D7F3F7-0125-4F10-A632-A59547AEE277}.Debug|Any CPU.Build.0 = Debug|Any CPU
		{60D7F3F7-0125-4F10-A632-A59547AEE277}.Release|Any CPU.ActiveCfg = Release|Any CPU
		{60D7F3F7-0125-4F10-A632-A59547AEE277}.Release|Any CPU.Build.0 = Release|Any CPU
	EndGlobalSection
	GlobalSection(SolutionProperties) = preSolution
		HideSolutionNode = FALSE
	EndGlobalSection
	GlobalSection(ExtensibilityGlobals) = postSolution
		SolutionGuid = {41E740D7-35F9-4A98-B2DA-A21BB0226CB1}
	EndGlobalSection
EndGlobal
